
Microsoft Visual Studio Solution File, Format Version 12.00
# Visual Studio Version 17
VisualStudioVersion = 17.1.31911.260
MinimumVisualStudioVersion = 10.0.40219.1
Project("{FAE04EC0-301F-11D3-BF4B-00C04F79EFBC}") = "AddressBookWebApp", "AddressBookWebApp\AddressBookWebApp.csproj", "{4F129E47-F7E6-4113-90A1-5CAE38AA4146}"
EndProject
Global
	GlobalSection(SolutionConfigurationPlatforms) = preSolution
		Debug|Any CPU = Debug|Any CPU
		Release|Any CPU = Release|Any CPU
	EndGlobalSection
	GlobalSection(ProjectConfigurationPlatforms) = postSolution
		{4F129E47-F7E6-4113-90A1-5CAE38AA4146}.Debug|Any CPU.ActiveCfg = Debug|Any CPU
		{4F129E47-F7E6-4113-90A1-5CAE38AA4146}.Debug|Any CPU.Build.0 = Debug|Any CPU
		{4F129E47-F7E6-4113-90A1-5CAE38AA4146}.Release|Any CPU.ActiveCfg = Release|Any CPU
		{4F129E47-F7E6-4113-90A1-5CAE38AA4146}.Release|Any CPU.Build.0 = Release|Any CPU
	EndGlobalSection
	GlobalSection(SolutionProperties) = preSolution
		HideSolutionNode = FALSE
	EndGlobalSection
	GlobalSection(ExtensibilityGlobals) = postSolution
		SolutionGuid = {F113A10F-6D08-479B-B440-D565997BCC73}
	EndGlobalSection
EndGlobal
